
Microsoft Visual Studio Solution File, Format Version 12.00
# Visual Studio 14
VisualStudioVersion = 14.0.25420.1
MinimumVisualStudioVersion = 10.0.40219.1
Project("{8BC9CEB8-8B4A-11D0-8D11-00A0C91BC942}") = "Chapter3", "Chapter3\Chapter3.vcxproj", "{C2709554-B20C-4BEA-887C-C2FF16049E15}"
EndProject
Project("{8BC9CEB8-8B4A-11D0-8D11-00A0C91BC942}") = "Chapter4", "Chapter4\Chapter4.vcxproj", "{96EDBFBF-1859-4BBE-A650-D1C9A822128A}"
EndProject
Global
	GlobalSection(SolutionConfigurationPlatforms) = preSolution
		Debug|x64 = Debug|x64
		Debug|x86 = Debug|x86
		Release|x64 = Release|x64
		Release|x86 = Release|x86
	EndGlobalSection
	GlobalSection(ProjectConfigurationPlatforms) = postSolution
		{C2709554-B20C-4BEA-887C-C2FF16049E15}.Debug|x64.ActiveCfg = Debug|x64
		{C2709554-B20C-4BEA-887C-C2FF16049E15}.Debug|x64.Build.0 = Debug|x64
		{C2709554-B20C-4BEA-887C-C2FF16049E15}.Debug|x86.ActiveCfg = Debug|Win32
		{C2709554-B20C-4BEA-887C-C2FF16049E15}.Debug|x86.Build.0 = Debug|Win32
		{C2709554-B20C-4BEA-887C-C2FF16049E15}.Release|x64.ActiveCfg = Release|x64
		{C2709554-B20C-4BEA-887C-C2FF16049E15}.Release|x64.Build.0 = Release|x64
		{C2709554-B20C-4BEA-887C-C2FF16049E15}.Release|x86.ActiveCfg = Release|Win32
		{C2709554-B20C-4BEA-887C-C2FF16049E15}.Release|x86.Build.0 = Release|Win32
		{96EDBFBF-1859-4BBE-A650-D1C9A822128A}.Debug|x64.ActiveCfg = Debug|x64
		{96EDBFBF-1859-4BBE-A650-D1C9A822128A}.Debug|x64.Build.0 = Debug|x64
		{96EDBFBF-1859-4BBE-A650-D1C9A822128A}.Debug|x86.ActiveCfg = Debug|Win32
		{96EDBFBF-1859-4BBE-A650-D1C9A822128A}.Debug|x86.Build.0 = Debug|Win32
		{96EDBFBF-1859-4BBE-A650-D1C9A822128A}.Release|x64.ActiveCfg = Release|x64
		{96EDBFBF-1859-4BBE-A650-D1C9A822128A}.Release|x64.Build.0 = Release|x64
		{96EDBFBF-1859-4BBE-A650-D1C9A822128A}.Release|x86.ActiveCfg = Release|Win32
		{96EDBFBF-1859-4BBE-A650-D1C9A822128A}.Release|x86.Build.0 = Release|Win32
	EndGlobalSection
	GlobalSection(SolutionProperties) = preSolution
		HideSolutionNode = FALSE
	EndGlobalSection
EndGlobal
